
Microsoft Visual Studio Solution File, Format Version 12.00
# Visual Studio Version 16
VisualStudioVersion = 16.0.29728.190
MinimumVisualStudioVersion = 10.0.40219.1
Project("{9A19103F-16F7-4668-BE54-9A1E7A4F7556}") = "WebApplication1", "WebApplication1.csproj", "{94662D65-703F-4757-8764-139B0C4F8590}"
EndProject
Global
	GlobalSection(SolutionConfigurationPlatforms) = preSolution
		Debug|Any CPU = Debug|Any CPU
		Release|Any CPU = Release|Any CPU
	EndGlobalSection
	GlobalSection(ProjectConfigurationPlatforms) = postSolution
		{94662D65-703F-4757-8764-139B0C4F8590}.Debug|Any CPU.ActiveCfg = Debug|Any CPU
		{94662D65-703F-4757-8764-139B0C4F8590}.Debug|Any CPU.Build.0 = Debug|Any CPU
		{94662D65-703F-4757-8764-139B0C4F8590}.Release|Any CPU.ActiveCfg = Release|Any CPU
		{94662D65-703F-4757-8764-139B0C4F8590}.Release|Any CPU.Build.0 = Release|Any CPU
	EndGlobalSection
	GlobalSection(SolutionProperties) = preSolution
		HideSolutionNode = FALSE
	EndGlobalSection
	GlobalSection(ExtensibilityGlobals) = postSolution
		SolutionGuid = {00348C94-0342-4454-A8D2-A82C6F72CD33}
	EndGlobalSection
EndGlobal
